
Microsoft Visual Studio Solution File, Format Version 12.00
# Visual Studio Version 17
VisualStudioVersion = 17.4.33213.308
MinimumVisualStudioVersion = 10.0.40219.1
Project("{FAE04EC0-301F-11D3-BF4B-00C04F79EFBC}") = "JsonPerformance", "JsonPerformance.csproj", "{FF308B3A-6367-47E1-B5C5-E9AD8E1D23EE}"
EndProject
Global
	GlobalSection(SolutionConfigurationPlatforms) = preSolution
		Debug|Any CPU = Debug|Any CPU
		Release|Any CPU = Release|Any CPU
	EndGlobalSection
	GlobalSection(ProjectConfigurationPlatforms) = postSolution
		{FF308B3A-6367-47E1-B5C5-E9AD8E1D23EE}.Debug|Any CPU.ActiveCfg = Debug|Any CPU
		{FF308B3A-6367-47E1-B5C5-E9AD8E1D23EE}.Debug|Any CPU.Build.0 = Debug|Any CPU
		{FF308B3A-6367-47E1-B5C5-E9AD8E1D23EE}.Release|Any CPU.ActiveCfg = Release|Any CPU
		{FF308B3A-6367-47E1-B5C5-E9AD8E1D23EE}.Release|Any CPU.Build.0 = Release|Any CPU
	EndGlobalSection
	GlobalSection(SolutionProperties) = preSolution
		HideSolutionNode = FALSE
	EndGlobalSection
	GlobalSection(ExtensibilityGlobals) = postSolution
		SolutionGuid = {86C7EE47-24EC-4175-A2AA-596A440F734E}
	EndGlobalSection
EndGlobal
